
Microsoft Visual Studio Solution File, Format Version 12.00
# Visual Studio 15
VisualStudioVersion = 15.0.27130.2003
MinimumVisualStudioVersion = 10.0.40219.1
Project("{FAE04EC0-301F-11D3-BF4B-00C04F79EFBC}") = "JwtGenerator", "JwtGenerator\JwtGenerator.csproj", "{3B4DBD0E-E33A-4ED6-B51C-4AAAFFA3F1C9}"
EndProject
Project("{FAE04EC0-301F-11D3-BF4B-00C04F79EFBC}") = "JwtGenerator.Authorization", "JwtGenerator.Authorization\JwtGenerator.Authorization.csproj", "{0CE5593E-935E-4018-9475-89B606577FCA}"
EndProject
Global
	GlobalSection(SolutionConfigurationPlatforms) = preSolution
		Debug|Any CPU = Debug|Any CPU
		Release|Any CPU = Release|Any CPU
	EndGlobalSection
	GlobalSection(ProjectConfigurationPlatforms) = postSolution
		{3B4DBD0E-E33A-4ED6-B51C-4AAAFFA3F1C9}.Debug|Any CPU.ActiveCfg = Debug|Any CPU
		{3B4DBD0E-E33A-4ED6-B51C-4AAAFFA3F1C9}.Debug|Any CPU.Build.0 = Debug|Any CPU
		{3B4DBD0E-E33A-4ED6-B51C-4AAAFFA3F1C9}.Release|Any CPU.ActiveCfg = Release|Any CPU
		{3B4DBD0E-E33A-4ED6-B51C-4AAAFFA3F1C9}.Release|Any CPU.Build.0 = Release|Any CPU
		{0CE5593E-935E-4018-9475-89B606577FCA}.Debug|Any CPU.ActiveCfg = Debug|Any CPU
		{0CE5593E-935E-4018-9475-89B606577FCA}.Debug|Any CPU.Build.0 = Debug|Any CPU
		{0CE5593E-935E-4018-9475-89B606577FCA}.Release|Any CPU.ActiveCfg = Release|Any CPU
		{0CE5593E-935E-4018-9475-89B606577FCA}.Release|Any CPU.Build.0 = Release|Any CPU
	EndGlobalSection
	GlobalSection(SolutionProperties) = preSolution
		HideSolutionNode = FALSE
	EndGlobalSection
	GlobalSection(ExtensibilityGlobals) = postSolution
		SolutionGuid = {AC0983CA-BBFB-4599-AAFC-FBC63EB6B060}
	EndGlobalSection
EndGlobal
